
Microsoft Visual Studio Solution File, Format Version 12.00
# Visual Studio Version 16
VisualStudioVersion = 16.0.31105.61
MinimumVisualStudioVersion = 10.0.40219.1
Project("{FAE04EC0-301F-11D3-BF4B-00C04F79EFBC}") = "ClassroomLab", "ClassroomLab\ClassroomLab.csproj", "{7066ABA4-77AE-4FEB-B97C-3E9B2780C7D6}"
EndProject
Global
	GlobalSection(SolutionConfigurationPlatforms) = preSolution
		Debug|Any CPU = Debug|Any CPU
		Release|Any CPU = Release|Any CPU
	EndGlobalSection
	GlobalSection(ProjectConfigurationPlatforms) = postSolution
		{7066ABA4-77AE-4FEB-B97C-3E9B2780C7D6}.Debug|Any CPU.ActiveCfg = Debug|Any CPU
		{7066ABA4-77AE-4FEB-B97C-3E9B2780C7D6}.Debug|Any CPU.Build.0 = Debug|Any CPU
		{7066ABA4-77AE-4FEB-B97C-3E9B2780C7D6}.Release|Any CPU.ActiveCfg = Release|Any CPU
		{7066ABA4-77AE-4FEB-B97C-3E9B2780C7D6}.Release|Any CPU.Build.0 = Release|Any CPU
	EndGlobalSection
	GlobalSection(SolutionProperties) = preSolution
		HideSolutionNode = FALSE
	EndGlobalSection
	GlobalSection(ExtensibilityGlobals) = postSolution
		SolutionGuid = {8BD9EF20-6D3E-4244-B2AD-0BB183BA5414}
	EndGlobalSection
EndGlobal
